
Microsoft Visual Studio Solution File, Format Version 12.00
# Visual Studio Version 16
VisualStudioVersion = 16.0.32630.194
MinimumVisualStudioVersion = 10.0.40219.1
Project("{FAE04EC0-301F-11D3-BF4B-00C04F79EFBC}") = "ArtworkStore.Domain", "ArtworkStore.Domain\ArtworkStore.Domain.csproj", "{98A4B80E-7F20-4D42-8CA5-6BE60D61E2AD}"
EndProject
Project("{FAE04EC0-301F-11D3-BF4B-00C04F79EFBC}") = "ArtworkStore.UnitTests", "ArtworkStore.UnitTests\ArtworkStore.UnitTests.csproj", "{0113549F-8E76-46A0-896F-3986A9657E8C}"
EndProject
Project("{FAE04EC0-301F-11D3-BF4B-00C04F79EFBC}") = "ArtworkStore.WebUI", "ArtworkStore.WebUI\ArtworkStore.WebUI.csproj", "{7C8FF2BE-EA35-45C5-861F-CC15CE974389}"
EndProject
Global
	GlobalSection(SolutionConfigurationPlatforms) = preSolution
		Debug|Any CPU = Debug|Any CPU
		Release|Any CPU = Release|Any CPU
	EndGlobalSection
	GlobalSection(ProjectConfigurationPlatforms) = postSolution
		{98A4B80E-7F20-4D42-8CA5-6BE60D61E2AD}.Debug|Any CPU.ActiveCfg = Debug|Any CPU
		{98A4B80E-7F20-4D42-8CA5-6BE60D61E2AD}.Debug|Any CPU.Build.0 = Debug|Any CPU
		{98A4B80E-7F20-4D42-8CA5-6BE60D61E2AD}.Release|Any CPU.ActiveCfg = Release|Any CPU
		{98A4B80E-7F20-4D42-8CA5-6BE60D61E2AD}.Release|Any CPU.Build.0 = Release|Any CPU
		{0113549F-8E76-46A0-896F-3986A9657E8C}.Debug|Any CPU.ActiveCfg = Debug|Any CPU
		{0113549F-8E76-46A0-896F-3986A9657E8C}.Debug|Any CPU.Build.0 = Debug|Any CPU
		{0113549F-8E76-46A0-896F-3986A9657E8C}.Release|Any CPU.ActiveCfg = Release|Any CPU
		{0113549F-8E76-46A0-896F-3986A9657E8C}.Release|Any CPU.Build.0 = Release|Any CPU
		{7C8FF2BE-EA35-45C5-861F-CC15CE974389}.Debug|Any CPU.ActiveCfg = Debug|Any CPU
		{7C8FF2BE-EA35-45C5-861F-CC15CE974389}.Debug|Any CPU.Build.0 = Debug|Any CPU
		{7C8FF2BE-EA35-45C5-861F-CC15CE974389}.Release|Any CPU.ActiveCfg = Release|Any CPU
		{7C8FF2BE-EA35-45C5-861F-CC15CE974389}.Release|Any CPU.Build.0 = Release|Any CPU
	EndGlobalSection
	GlobalSection(SolutionProperties) = preSolution
		HideSolutionNode = FALSE
	EndGlobalSection
	GlobalSection(ExtensibilityGlobals) = postSolution
		SolutionGuid = {41A3F597-B4AB-475A-BB08-46927F50B0E9}
	EndGlobalSection
EndGlobal
